
Microsoft Visual Studio Solution File, Format Version 12.00
# Visual Studio Version 17
VisualStudioVersion = 17.8.34316.72
MinimumVisualStudioVersion = 10.0.40219.1
Project("{9A19103F-16F7-4668-BE54-9A1E7A4F7556}") = "RG_IT", "CleanBootstrapTemplate\RG_IT.csproj", "{AED6D51B-86EE-419E-89E3-A28ABB4A3674}"
EndProject
Global
	GlobalSection(SolutionConfigurationPlatforms) = preSolution
		Debug|Any CPU = Debug|Any CPU
		Release|Any CPU = Release|Any CPU
	EndGlobalSection
	GlobalSection(ProjectConfigurationPlatforms) = postSolution
		{AED6D51B-86EE-419E-89E3-A28ABB4A3674}.Debug|Any CPU.ActiveCfg = Debug|Any CPU
		{AED6D51B-86EE-419E-89E3-A28ABB4A3674}.Debug|Any CPU.Build.0 = Debug|Any CPU
		{AED6D51B-86EE-419E-89E3-A28ABB4A3674}.Release|Any CPU.ActiveCfg = Release|Any CPU
		{AED6D51B-86EE-419E-89E3-A28ABB4A3674}.Release|Any CPU.Build.0 = Release|Any CPU
	EndGlobalSection
	GlobalSection(SolutionProperties) = preSolution
		HideSolutionNode = FALSE
	EndGlobalSection
	GlobalSection(ExtensibilityGlobals) = postSolution
		SolutionGuid = {5F0FED59-90DB-4A80-AB62-C368D763070D}
	EndGlobalSection
EndGlobal
